# THIS IS AN AUTOGENERATED FILE. DO NOT EDIT THIS FILE DIRECTLY.
# yarn lockfile v1


dotenv@^6.0.0:
  version "6.0.0"
  resolved "https://registry.yarnpkg.com/dotenv/-/dotenv-6.0.0.tgz#24e37c041741c5f4b25324958ebbc34bca965935"

nodemailer@^4.6.8:
  version "4.6.8"
  resolved "https://registry.yarnpkg.com/nodemailer/-/nodemailer-4.6.8.tgz#f82fb407828bf2e76d92acc34b823d83e774f89c"
